PODS:
  - Capacitor (8.0.0):
    - CapacitorCordova
  - CapacitorCommunityAppleSignIn (7.1.0):
    - Capacitor
  - CapacitorCordova (8.0.0)
  - CapacitorFilesystem (8.0.0):
    - Capacitor
    - IONFilesystemLib (~> 1.0.1)
  - CapacitorHaptics (8.0.0):
    - Capacitor
  - CapacitorPreferences (8.0.0):
    - Capacitor
  - CapacitorVoiceRecorder (7.0.6):
    - Capacitor
  - IONFilesystemLib (1.0.1)
  - PurchasesHybridCommon (17.23.0):
    - RevenueCat (= 5.50.0)
  - RevenueCat (5.50.0)
  - RevenuecatPurchasesCapacitor (11.3.0):
    - Capacitor
    - PurchasesHybridCommon (= 17.23.0)

DEPENDENCIES:
  - "Capacitor (from `../../node_modules/@capacitor/ios`)"
  - "CapacitorCommunityAppleSignIn (from `../../node_modules/@capacitor-community/apple-sign-in`)"
  - "CapacitorCordova (from `../../node_modules/@capacitor/ios`)"
  - "CapacitorFilesystem (from `../../node_modules/@capacitor/filesystem`)"
  - "CapacitorHaptics (from `../../node_modules/@capacitor/haptics`)"
  - "CapacitorPreferences (from `../../node_modules/@capacitor/preferences`)"
  - CapacitorVoiceRecorder (from `../../node_modules/capacitor-voice-recorder`)
  - "RevenuecatPurchasesCapacitor (from `../../node_modules/@revenuecat/purchases-capacitor`)"

SPEC REPOS:
  https://mirrors.tuna.tsinghua.edu.cn/git/CocoaPods/Specs.git:
    - IONFilesystemLib
    - PurchasesHybridCommon
    - RevenueCat

EXTERNAL SOURCES:
  Capacitor:
    :path: "../../node_modules/@capacitor/ios"
  CapacitorCommunityAppleSignIn:
    :path: "../../node_modules/@capacitor-community/apple-sign-in"
  CapacitorCordova:
    :path: "../../node_modules/@capacitor/ios"
  CapacitorFilesystem:
    :path: "../../node_modules/@capacitor/filesystem"
  CapacitorHaptics:
    :path: "../../node_modules/@capacitor/haptics"
  CapacitorPreferences:
    :path: "../../node_modules/@capacitor/preferences"
  CapacitorVoiceRecorder:
    :path: "../../node_modules/capacitor-voice-recorder"
  RevenuecatPurchasesCapacitor:
    :path: "../../node_modules/@revenuecat/purchases-capacitor"

SPEC CHECKSUMS:
  Capacitor: 341ff7cf652ec695d1a8ebf604db448ac7b6d635
  CapacitorCommunityAppleSignIn: 271cb2860576fd2961508bbfa7a82117d93eadca
  CapacitorCordova: 5dc3912d25ef770a3fe0f431bb65c9fbfa2e92f9
  CapacitorFilesystem: 2cb7c29536024668f333266a2177f8c10bbd9c98
  CapacitorHaptics: 2079d9fa04c5a71e18663b4722323c304c58245c
  CapacitorPreferences: 443fabe9670226200e595658a87ef0b1566716d4
  CapacitorVoiceRecorder: 9158861be982f32d411769723a4d813d6ce46135
  IONFilesystemLib: 89258b8e3e85465da93127d25d7ce37f977e8a6f
  PurchasesHybridCommon: e95a0b9bb01f6e9101d44f411343fb91030e26ae
  RevenueCat: a5fcd0a12b5ec9bbddc0cf0dd20c14b7e6213df6
  RevenuecatPurchasesCapacitor: 4fa710eec90225a84056f13b734093ccf35cd18c

PODFILE CHECKSUM: 58d8d80e821d430027bfb2715685a818f6c7a5a8

COCOAPODS: 1.16.2
